
Microsoft Visual Studio Solution File, Format Version 12.00
# Visual Studio Version 17
VisualStudioVersion = 17.5.33424.131
MinimumVisualStudioVersion = 15.0.26124.0
Project("{2150E333-8FDC-42A3-9474-1A3956D46DE8}") = "Solution Items", "Solution Items", "{1FD2C143-D0C9-4848-B37C-E47941F774C3}"
	ProjectSection(SolutionItems) = preProject
		LICENSE.md = LICENSE.md
		Northwnd.ndm = Northwnd.ndm
		push.cmd = push.cmd
		README.md = README.md
	EndProjectSection
EndProject
Project("{9A19103F-16F7-4668-BE54-9A1E7A4F7556}") = "NorthwndApp", "NorthwndApp\NorthwndApp.csproj", "{1EA3DA3B-3B12-4A4D-A324-12B556E942C4}"
EndProject
Project("{9A19103F-16F7-4668-BE54-9A1E7A4F7556}") = "Northwnd - EF2.0", "Northwnd - EF2.0\Northwnd - EF2.0.csproj", "{DED2B298-C480-4F25-B0C5-05471788B415}"
EndProject
Project("{9A19103F-16F7-4668-BE54-9A1E7A4F7556}") = "Northwnd - EF6.0", "Northwnd - EF6.0\Northwnd - EF6.0.csproj", "{D9908333-E096-4745-979F-9F143281F74C}"
EndProject
Project("{9A19103F-16F7-4668-BE54-9A1E7A4F7556}") = "Northwnd - EF7.0", "Northwnd - EF7.0\Northwnd - EF7.0.csproj", "{D6F712E3-3F83-468B-9C48-900459C55AF2}"
EndProject
Project("{9A19103F-16F7-4668-BE54-9A1E7A4F7556}") = "Northwnd - EF3.1", "Northwnd - EF3.1\Northwnd - EF3.1.csproj", "{2094FADE-E6B6-4F9B-9471-C94B9BE809D0}"
EndProject
Project("{9A19103F-16F7-4668-BE54-9A1E7A4F7556}") = "Northwnd.Core", "Northwnd.Core\Northwnd.Core.csproj", "{BEB2CCD8-C4DD-4A12-8E93-A62BF8A317A5}"
EndProject
Project("{9A19103F-16F7-4668-BE54-9A1E7A4F7556}") = "NorthwndApp.Sqlite", "NorthwndApp.Sqlite\NorthwndApp.Sqlite.csproj", "{53F13981-54F0-49B6-8E0A-0C573B74F4C5}"
EndProject
Project("{9A19103F-16F7-4668-BE54-9A1E7A4F7556}") = "Northwnd - EF8.0", "Northwnd - EF8.0\Northwnd - EF8.0.csproj", "{20E97D93-E5FB-42FA-B9A8-E18F4D8928AD}"
EndProject
Project("{D954291E-2A0B-460D-934E-DC6B0785DB48}") = "Northwnd", "Northwnd\Northwnd.shproj", "{7D23B9C1-02DE-4455-80A4-5553B4BA891B}"
EndProject
Global
	GlobalSection(SolutionConfigurationPlatforms) = preSolution
		Debug|Any CPU = Debug|Any CPU
		Release|Any CPU = Release|Any CPU
	EndGlobalSection
	GlobalSection(ProjectConfigurationPlatforms) = postSolution
		{1EA3DA3B-3B12-4A4D-A324-12B556E942C4}.Debug|Any CPU.ActiveCfg = Debug|Any CPU
		{1EA3DA3B-3B12-4A4D-A324-12B556E942C4}.Debug|Any CPU.Build.0 = Debug|Any CPU
		{1EA3DA3B-3B12-4A4D-A324-12B556E942C4}.Release|Any CPU.ActiveCfg = Release|Any CPU
		{1EA3DA3B-3B12-4A4D-A324-12B556E942C4}.Release|Any CPU.Build.0 = Release|Any CPU
		{DED2B298-C480-4F25-B0C5-05471788B415}.Debug|Any CPU.ActiveCfg = Debug|Any CPU
		{DED2B298-C480-4F25-B0C5-05471788B415}.Debug|Any CPU.Build.0 = Debug|Any CPU
		{DED2B298-C480-4F25-B0C5-05471788B415}.Release|Any CPU.ActiveCfg = Release|Any CPU
		{DED2B298-C480-4F25-B0C5-05471788B415}.Release|Any CPU.Build.0 = Release|Any CPU
		{D9908333-E096-4745-979F-9F143281F74C}.Debug|Any CPU.ActiveCfg = Debug|Any CPU
		{D9908333-E096-4745-979F-9F143281F74C}.Debug|Any CPU.Build.0 = Debug|Any CPU
		{D9908333-E096-4745-979F-9F143281F74C}.Release|Any CPU.ActiveCfg = Release|Any CPU
		{D9908333-E096-4745-979F-9F143281F74C}.Release|Any CPU.Build.0 = Release|Any CPU
		{D6F712E3-3F83-468B-9C48-900459C55AF2}.Debug|Any CPU.ActiveCfg = Debug|Any CPU
		{D6F712E3-3F83-468B-9C48-900459C55AF2}.Debug|Any CPU.Build.0 = Debug|Any CPU
		{D6F712E3-3F83-468B-9C48-900459C55AF2}.Release|Any CPU.ActiveCfg = Release|Any CPU
		{D6F712E3-3F83-468B-9C48-900459C55AF2}.Release|Any CPU.Build.0 = Release|Any CPU
		{2094FADE-E6B6-4F9B-9471-C94B9BE809D0}.Debug|Any CPU.ActiveCfg = Debug|Any CPU
		{2094FADE-E6B6-4F9B-9471-C94B9BE809D0}.Debug|Any CPU.Build.0 = Debug|Any CPU
		{2094FADE-E6B6-4F9B-9471-C94B9BE809D0}.Release|Any CPU.ActiveCfg = Release|Any CPU
		{2094FADE-E6B6-4F9B-9471-C94B9BE809D0}.Release|Any CPU.Build.0 = Release|Any CPU
		{BEB2CCD8-C4DD-4A12-8E93-A62BF8A317A5}.Debug|Any CPU.ActiveCfg = Debug|Any CPU
		{BEB2CCD8-C4DD-4A12-8E93-A62BF8A317A5}.Debug|Any CPU.Build.0 = Debug|Any CPU
		{BEB2CCD8-C4DD-4A12-8E93-A62BF8A317A5}.Release|Any CPU.ActiveCfg = Release|Any CPU
		{BEB2CCD8-C4DD-4A12-8E93-A62BF8A317A5}.Release|Any CPU.Build.0 = Release|Any CPU
		{53F13981-54F0-49B6-8E0A-0C573B74F4C5}.Debug|Any CPU.ActiveCfg = Debug|Any CPU
		{53F13981-54F0-49B6-8E0A-0C573B74F4C5}.Debug|Any CPU.Build.0 = Debug|Any CPU
		{53F13981-54F0-49B6-8E0A-0C573B74F4C5}.Release|Any CPU.ActiveCfg = Release|Any CPU
		{53F13981-54F0-49B6-8E0A-0C573B74F4C5}.Release|Any CPU.Build.0 = Release|Any CPU
		{20E97D93-E5FB-42FA-B9A8-E18F4D8928AD}.Debug|Any CPU.ActiveCfg = Debug|Any CPU
		{20E97D93-E5FB-42FA-B9A8-E18F4D8928AD}.Debug|Any CPU.Build.0 = Debug|Any CPU
		{20E97D93-E5FB-42FA-B9A8-E18F4D8928AD}.Release|Any CPU.ActiveCfg = Release|Any CPU
		{20E97D93-E5FB-42FA-B9A8-E18F4D8928AD}.Release|Any CPU.Build.0 = Release|Any CPU
	EndGlobalSection
	GlobalSection(SolutionProperties) = preSolution
		HideSolutionNode = FALSE
	EndGlobalSection
	GlobalSection(ExtensibilityGlobals) = postSolution
		SolutionGuid = {8E0AA18B-00C6-4155-8D18-45BD4B221247}
	EndGlobalSection
	GlobalSection(SharedMSBuildProjectFiles) = preSolution
		Northwnd\Northwnd.projitems*{2094fade-e6b6-4f9b-9471-c94b9be809d0}*SharedItemsImports = 5
		Northwnd\Northwnd.projitems*{20e97d93-e5fb-42fa-b9a8-e18f4d8928ad}*SharedItemsImports = 5
		Northwnd\Northwnd.projitems*{7d23b9c1-02de-4455-80a4-5553b4ba891b}*SharedItemsImports = 13
		Northwnd\Northwnd.projitems*{d6f712e3-3f83-468b-9c48-900459c55af2}*SharedItemsImports = 5
		Northwnd\Northwnd.projitems*{d9908333-e096-4745-979f-9f143281f74c}*SharedItemsImports = 5
		Northwnd\Northwnd.projitems*{ded2b298-c480-4f25-b0c5-05471788b415}*SharedItemsImports = 5
	EndGlobalSection
EndGlobal
